
Microsoft Visual Studio Solution File, Format Version 12.00
# Visual Studio 15
VisualStudioVersion = 15.0.28307.329
MinimumVisualStudioVersion = 10.0.40219.1
Project("{FAE04EC0-301F-11D3-BF4B-00C04F79EFBC}") = "Homework_3", "Homework_3.csproj", "{AE5747F5-FEC8-43C0-A4CF-CBD5724AACAE}"
EndProject
Global
	GlobalSection(SolutionConfigurationPlatforms) = preSolution
		Debug|Any CPU = Debug|Any CPU
		Release|Any CPU = Release|Any CPU
	EndGlobalSection
	GlobalSection(ProjectConfigurationPlatforms) = postSolution
		{AE5747F5-FEC8-43C0-A4CF-CBD5724AACAE}.Debug|Any CPU.ActiveCfg = Debug|Any CPU
		{AE5747F5-FEC8-43C0-A4CF-CBD5724AACAE}.Debug|Any CPU.Build.0 = Debug|Any CPU
		{AE5747F5-FEC8-43C0-A4CF-CBD5724AACAE}.Release|Any CPU.ActiveCfg = Release|Any CPU
		{AE5747F5-FEC8-43C0-A4CF-CBD5724AACAE}.Release|Any CPU.Build.0 = Release|Any CPU
	EndGlobalSection
	GlobalSection(SolutionProperties) = preSolution
		HideSolutionNode = FALSE
	EndGlobalSection
	GlobalSection(ExtensibilityGlobals) = postSolution
		SolutionGuid = {37F0D057-0243-44D0-A7D6-C08385162F81}
	EndGlobalSection
EndGlobal
